{
  "name": "js13k",
  "version": "1.0.0",
  "lockfileVersion": 1,
  "requires": true,
  "dependencies": {
    "kontra": {
      "version": "6.4.0",
      "resolved": "https://registry.npmjs.org/kontra/-/kontra-6.4.0.tgz",
      "integrity": "sha512-Wd3Odi3vUieXHn2HWpO30j9krf5lrqFL8Wpbgl++qfBWHMzwV7m3GlV/ECUYpAnqMev6BGTleFNs9Manche14Q=="
    }
  }
}
